
Microsoft Visual Studio Solution File, Format Version 12.00
# Visual Studio Version 17
VisualStudioVersion = 17.0.32014.148
MinimumVisualStudioVersion = 10.0.40219.1
Project("{9A19103F-16F7-4668-BE54-9A1E7A4F7556}") = "Training-Lv2", "Training-Lv2\Training-Lv2.csproj", "{CDAF6943-51B1-4C68-A480-4A019237BAD3}"
EndProject
Project("{9A19103F-16F7-4668-BE54-9A1E7A4F7556}") = "Infrastructure", "Infrastructure\Infrastructure.csproj", "{8664B4CC-2D7E-44C2-B5A2-9C4AF5974AC2}"
EndProject
Project("{9A19103F-16F7-4668-BE54-9A1E7A4F7556}") = "Application", "Application\Application.csproj", "{17D17AF3-48F7-40DC-ACA2-BFB133665F81}"
EndProject
Global
	GlobalSection(SolutionConfigurationPlatforms) = preSolution
		Debug|Any CPU = Debug|Any CPU
		Release|Any CPU = Release|Any CPU
	EndGlobalSection
	GlobalSection(ProjectConfigurationPlatforms) = postSolution
		{CDAF6943-51B1-4C68-A480-4A019237BAD3}.Debug|Any CPU.ActiveCfg = Debug|Any CPU
		{CDAF6943-51B1-4C68-A480-4A019237BAD3}.Debug|Any CPU.Build.0 = Debug|Any CPU
		{CDAF6943-51B1-4C68-A480-4A019237BAD3}.Release|Any CPU.ActiveCfg = Release|Any CPU
		{CDAF6943-51B1-4C68-A480-4A019237BAD3}.Release|Any CPU.Build.0 = Release|Any CPU
		{8664B4CC-2D7E-44C2-B5A2-9C4AF5974AC2}.Debug|Any CPU.ActiveCfg = Debug|Any CPU
		{8664B4CC-2D7E-44C2-B5A2-9C4AF5974AC2}.Debug|Any CPU.Build.0 = Debug|Any CPU
		{8664B4CC-2D7E-44C2-B5A2-9C4AF5974AC2}.Release|Any CPU.ActiveCfg = Release|Any CPU
		{8664B4CC-2D7E-44C2-B5A2-9C4AF5974AC2}.Release|Any CPU.Build.0 = Release|Any CPU
		{17D17AF3-48F7-40DC-ACA2-BFB133665F81}.Debug|Any CPU.ActiveCfg = Debug|Any CPU
		{17D17AF3-48F7-40DC-ACA2-BFB133665F81}.Debug|Any CPU.Build.0 = Debug|Any CPU
		{17D17AF3-48F7-40DC-ACA2-BFB133665F81}.Release|Any CPU.ActiveCfg = Release|Any CPU
		{17D17AF3-48F7-40DC-ACA2-BFB133665F81}.Release|Any CPU.Build.0 = Release|Any CPU
	EndGlobalSection
	GlobalSection(SolutionProperties) = preSolution
		HideSolutionNode = FALSE
	EndGlobalSection
	GlobalSection(ExtensibilityGlobals) = postSolution
		SolutionGuid = {0D2A0F62-D3AE-48BC-95D7-BA75EA7FBF32}
	EndGlobalSection
EndGlobal
